
Microsoft Visual Studio Solution File, Format Version 12.00
# Visual Studio Version 16
VisualStudioVersion = 16.0.30804.86
MinimumVisualStudioVersion = 10.0.40219.1
Project("{FAE04EC0-301F-11D3-BF4B-00C04F79EFBC}") = "Praktika4", "Praktika4\Praktika4.csproj", "{AC192009-5CC6-4DA2-8530-28C09CE8A293}"
EndProject
Global
	GlobalSection(SolutionConfigurationPlatforms) = preSolution
		Debug|Any CPU = Debug|Any CPU
		Release|Any CPU = Release|Any CPU
	EndGlobalSection
	GlobalSection(ProjectConfigurationPlatforms) = postSolution
		{AC192009-5CC6-4DA2-8530-28C09CE8A293}.Debug|Any CPU.ActiveCfg = Debug|Any CPU
		{AC192009-5CC6-4DA2-8530-28C09CE8A293}.Debug|Any CPU.Build.0 = Debug|Any CPU
		{AC192009-5CC6-4DA2-8530-28C09CE8A293}.Release|Any CPU.ActiveCfg = Release|Any CPU
		{AC192009-5CC6-4DA2-8530-28C09CE8A293}.Release|Any CPU.Build.0 = Release|Any CPU
	EndGlobalSection
	GlobalSection(SolutionProperties) = preSolution
		HideSolutionNode = FALSE
	EndGlobalSection
	GlobalSection(ExtensibilityGlobals) = postSolution
		SolutionGuid = {94864BA0-846B-48E4-99B3-8AB68EB0A57D}
	EndGlobalSection
EndGlobal
